
Microsoft Visual Studio Solution File, Format Version 12.00
# Visual Studio 15
VisualStudioVersion = 15.0.28307.329
MinimumVisualStudioVersion = 10.0.40219.1
Project("{FAE04EC0-301F-11D3-BF4B-00C04F79EFBC}") = "BookList", "BookList\BookList.csproj", "{EEB91FC8-C438-4459-B9A3-93A93BA42D78}"
EndProject
Global
	GlobalSection(SolutionConfigurationPlatforms) = preSolution
		Debug|Any CPU = Debug|Any CPU
		Release|Any CPU = Release|Any CPU
	EndGlobalSection
	GlobalSection(ProjectConfigurationPlatforms) = postSolution
		{EEB91FC8-C438-4459-B9A3-93A93BA42D78}.Debug|Any CPU.ActiveCfg = Debug|Any CPU
		{EEB91FC8-C438-4459-B9A3-93A93BA42D78}.Debug|Any CPU.Build.0 = Debug|Any CPU
		{EEB91FC8-C438-4459-B9A3-93A93BA42D78}.Release|Any CPU.ActiveCfg = Release|Any CPU
		{EEB91FC8-C438-4459-B9A3-93A93BA42D78}.Release|Any CPU.Build.0 = Release|Any CPU
	EndGlobalSection
	GlobalSection(SolutionProperties) = preSolution
		HideSolutionNode = FALSE
	EndGlobalSection
	GlobalSection(ExtensibilityGlobals) = postSolution
		SolutionGuid = {D78339A0-30DB-4B1D-B85E-2DD4B8336AA2}
	EndGlobalSection
EndGlobal
